// !$*UTF8*$!
{
	archiveVersion = 1;
	classes = {
	};
	objectVersion = 46;
	objects = {

/* Begin PBXBuildFile section */
		4FBF98DC1A08285F008E3B28 /* main.m in Sources */ = {isa = PBXBuildFile; fileRef = 4FBF98DB1A08285F008E3B28 /* main.m */; };
		4FBF98DF1A08285F008E3B28 /* AppDelegate.m in Sources */ = {isa = PBXBuildFile; fileRef = 4FBF98DE1A08285F008E3B28 /* AppDelegate.m */; };
		4FBF98E21A08285F008E3B28 /* RootViewController.m in Sources */ = {isa = PBXBuildFile; fileRef = 4FBF98E11A08285F008E3B28 /* RootViewController.m */; };
		4FBF98E51A08285F008E3B28 /* Main.storyboard in Resources */ = {isa = PBXBuildFile; fileRef = 4FBF98E31A08285F008E3B28 /* Main.storyboard */; };
		4FBF98E71A08285F008E3B28 /* Images.xcassets in Resources */ = {isa = PBXBuildFile; fileRef = 4FBF98E61A08285F008E3B28 /* Images.xcassets */; };
		4FBF98EA1A08285F008E3B28 /* LaunchScreen.xib in Resources */ = {isa = PBXBuildFile; fileRef = 4FBF98E81A08285F008E3B28 /* LaunchScreen.xib */; };
		4FBF98F61A08285F008E3B28 /* MeetMeUpTests.m in Sources */ = {isa = PBXBuildFile; fileRef = 4FBF98F51A08285F008E3B28 /* MeetMeUpTests.m */; };
		4FBF99011A08325D008E3B28 /* MeetupDetailViewController.m in Sources */ = {isa = PBXBuildFile; fileRef = 4FBF99001A08325D008E3B28 /* MeetupDetailViewController.m */; };
		4FBF99041A08471D008E3B28 /* WebViewController.m in Sources */ = {isa = PBXBuildFile; fileRef = 4FBF99031A08471D008E3B28 /* WebViewController.m */; };
		4FBF99071A084EC5008E3B28 /* Meetup.m in Sources */ = {isa = PBXBuildFile; fileRef = 4FBF99061A084EC5008E3B28 /* Meetup.m */; };
		4FBF99131A088D12008E3B28 /* MeetupComment.m in Sources */ = {isa = PBXBuildFile; fileRef = 4FBF99121A088D12008E3B28 /* MeetupComment.m */; };
		4FBF99161A08ABE2008E3B28 /* CustomTableViewCell.m in Sources */ = {isa = PBXBuildFile; fileRef = 4FBF99151A08ABE2008E3B28 /* CustomTableViewCell.m */; };
		4FBF99191A08C20C008E3B28 /* Profile.m in Sources */ = {isa = PBXBuildFile; fileRef = 4FBF99181A08C20C008E3B28 /* Profile.m */; };
/* End PBXBuildFile section */

/* Begin PBXContainerItemProxy section */
		4FBF98F01A08285F008E3B28 /* PBXContainerItemProxy */ = {
			isa = PBXContainerItemProxy;
			containerPortal = 4FBF98CE1A08285F008E3B28 /* Project object */;
			proxyType = 1;
			remoteGlobalIDString = 4FBF98D51A08285F008E3B28;
			remoteInfo = MeetMeUp;
		};
/* End PBXContainerItemProxy section */

/* Begin PBXFileReference section */
		4FBF98D61A08285F008E3B28 /* MeetMeUp.app */ = {isa = PBXFileReference; explicitFileType = wrapper.application; includeInIndex = 0; path = MeetMeUp.app; sourceTree = BUILT_PRODUCTS_DIR; };
		4FBF98DA1A08285F008E3B28 /* Info.plist */ = {isa = PBXFileReference; lastKnownFileType = text.plist.xml; path = Info.plist; sourceTree = "<group>"; };
		4FBF98DB1A08285F008E3B28 /* main.m */ = {isa = PBXFileReference; lastKnownFileType = sourcecode.c.objc; path = main.m; sourceTree = "<group>"; };
		4FBF98DD1A08285F008E3B28 /* AppDelegate.h */ = {isa = PBXFileReference; lastKnownFileType = sourcecode.c.h; path = AppDelegate.h; sourceTree = "<group>"; };
		4FBF98DE1A08285F008E3B28 /* AppDelegate.m */ = {isa = PBXFileReference; lastKnownFileType = sourcecode.c.objc; path = AppDelegate.m; sourceTree = "<group>"; };
		4FBF98E01A08285F008E3B28 /* RootViewController.h */ = {isa = PBXFileReference; lastKnownFileType = sourcecode.c.h; path = RootViewController.h; sourceTree = "<group>"; };
		4FBF98E11A08285F008E3B28 /* RootViewController.m */ = {isa = PBXFileReference; lastKnownFileType = sourcecode.c.objc; path = RootViewController.m; sourceTree = "<group>"; };
		4FBF98E41A08285F008E3B28 /* Base */ = {isa = PBXFileReference; lastKnownFileType = file.storyboard; name = Base; path = Base.lproj/Main.storyboard; sourceTree = "<group>"; };
		4FBF98E61A08285F008E3B28 /* Images.xcassets */ = {isa = PBXFileReference; lastKnownFileType = folder.assetcatalog; path = Images.xcassets; sourceTree = "<group>"; };
		4FBF98E91A08285F008E3B28 /* Base */ = {isa = PBXFileReference; lastKnownFileType = file.xib; name = Base; path = Base.lproj/LaunchScreen.xib; sourceTree = "<group>"; };
		4FBF98EF1A08285F008E3B28 /* MeetMeUpTests.xctest */ = {isa = PBXFileReference; explicitFileType = wrapper.cfbundle; includeInIndex = 0; path = MeetMeUpTests.xctest; sourceTree = BUILT_PRODUCTS_DIR; };
		4FBF98F41A08285F008E3B28 /* Info.plist */ = {isa = PBXFileReference; lastKnownFileType = text.plist.xml; path = Info.plist; sourceTree = "<group>"; };
		4FBF98F51A08285F008E3B28 /* MeetMeUpTests.m */ = {isa = PBXFileReference; lastKnownFileType = sourcecode.c.objc; path = MeetMeUpTests.m; sourceTree = "<group>"; };
		4FBF98FF1A08325D008E3B28 /* MeetupDetailViewController.h */ = {isa = PBXFileReference; fileEncoding = 4; lastKnownFileType = sourcecode.c.h; path = MeetupDetailViewController.h; sourceTree = "<group>"; };
		4FBF99001A08325D008E3B28 /* MeetupDetailViewController.m */ = {isa = PBXFileReference; fileEncoding = 4; lastKnownFileType = sourcecode.c.objc; path = MeetupDetailViewController.m; sourceTree = "<group>"; };
		4FBF99021A08471D008E3B28 /* WebViewController.h */ = {isa = PBXFileReference; fileEncoding = 4; lastKnownFileType = sourcecode.c.h; path = WebViewController.h; sourceTree = "<group>"; };
		4FBF99031A08471D008E3B28 /* WebViewController.m */ = {isa = PBXFileReference; fileEncoding = 4; lastKnownFileType = sourcecode.c.objc; path = WebViewController.m; sourceTree = "<group>"; };
		4FBF99051A084EC5008E3B28 /* Meetup.h */ = {isa = PBXFileReference; fileEncoding = 4; lastKnownFileType = sourcecode.c.h; path = Meetup.h; sourceTree = "<group>"; };
		4FBF99061A084EC5008E3B28 /* Meetup.m */ = {isa = PBXFileReference; fileEncoding = 4; lastKnownFileType = sourcecode.c.objc; path = Meetup.m; sourceTree = "<group>"; };
		4FBF99111A088D12008E3B28 /* MeetupComment.h */ = {isa = PBXFileReference; fileEncoding = 4; lastKnownFileType = sourcecode.c.h; path = MeetupComment.h; sourceTree = "<group>"; };
		4FBF99121A088D12008E3B28 /* MeetupComment.m */ = {isa = PBXFileReference; fileEncoding = 4; lastKnownFileType = sourcecode.c.objc; path = MeetupComment.m; sourceTree = "<group>"; };
		4FBF99141A08ABE2008E3B28 /* CustomTableViewCell.h */ = {isa = PBXFileReference; fileEncoding = 4; lastKnownFileType = sourcecode.c.h; path = CustomTableViewCell.h; sourceTree = "<group>"; };
		4FBF99151A08ABE2008E3B28 /* CustomTableViewCell.m */ = {isa = PBXFileReference; fileEncoding = 4; lastKnownFileType = sourcecode.c.objc; path = CustomTableViewCell.m; sourceTree = "<group>"; };
		4FBF99171A08C20C008E3B28 /* Profile.h */ = {isa = PBXFileReference; fileEncoding = 4; lastKnownFileType = sourcecode.c.h; path = Profile.h; sourceTree = "<group>"; };
		4FBF99181A08C20C008E3B28 /* Profile.m */ = {isa = PBXFileReference; fileEncoding = 4; lastKnownFileType = sourcecode.c.objc; path = Profile.m; sourceTree = "<group>"; };
/* End PBXFileReference section */

/* Begin PBXFrameworksBuildPhase section */
		4FBF98D31A08285F008E3B28 /* Frameworks */ = {
			isa = PBXFrameworksBuildPhase;
			buildActionMask = 2147483647;
			files = (
			);
			runOnlyForDeploymentPostprocessing = 0;
		};
		4FBF98EC1A08285F008E3B28 /* Frameworks */ = {
			isa = PBXFrameworksBuildPhase;
			buildActionMask = 2147483647;
			files = (
			);
			runOnlyForDeploymentPostprocessing = 0;
		};
/* End PBXFrameworksBuildPhase section */

/* Begin PBXGroup section */
		4FBF98CD1A08285F008E3B28 = {
			isa = PBXGroup;
			children = (
				4FBF98D81A08285F008E3B28 /* MeetMeUp */,
				4FBF98F21A08285F008E3B28 /* MeetMeUpTests */,
				4FBF98D71A08285F008E3B28 /* Products */,
			);
			sourceTree = "<group>";
		};
		4FBF98D71A08285F008E3B28 /* Products */ = {
			isa = PBXGroup;
			children = (
				4FBF98D61A08285F008E3B28 /* MeetMeUp.app */,
				4FBF98EF1A08285F008E3B28 /* MeetMeUpTests.xctest */,
			);
			name = Products;
			sourceTree = "<group>";
		};
		4FBF98D81A08285F008E3B28 /* MeetMeUp */ = {
			isa = PBXGroup;
			children = (
				4FBF99141A08ABE2008E3B28 /* CustomTableViewCell.h */,
				4FBF99151A08ABE2008E3B28 /* CustomTableViewCell.m */,
				4FBF98DD1A08285F008E3B28 /* AppDelegate.h */,
				4FBF98DE1A08285F008E3B28 /* AppDelegate.m */,
				4FBF98E01A08285F008E3B28 /* RootViewController.h */,
				4FBF98E11A08285F008E3B28 /* RootViewController.m */,
				4FBF98FF1A08325D008E3B28 /* MeetupDetailViewController.h */,
				4FBF99001A08325D008E3B28 /* MeetupDetailViewController.m */,
				4FBF99021A08471D008E3B28 /* WebViewController.h */,
				4FBF99031A08471D008E3B28 /* WebViewController.m */,
				4FBF99081A084ECB008E3B28 /* Model */,
				4FBF98E31A08285F008E3B28 /* Main.storyboard */,
				4FBF98E61A08285F008E3B28 /* Images.xcassets */,
				4FBF98E81A08285F008E3B28 /* LaunchScreen.xib */,
				4FBF98D91A08285F008E3B28 /* Supporting Files */,
			);
			path = MeetMeUp;
			sourceTree = "<group>";
		};
		4FBF98D91A08285F008E3B28 /* Supporting Files */ = {
			isa = PBXGroup;
			children = (
				4FBF98DA1A08285F008E3B28 /* Info.plist */,
				4FBF98DB1A08285F008E3B28 /* main.m */,
			);
			name = "Supporting Files";
			sourceTree = "<group>";
		};
		4FBF98F21A08285F008E3B28 /* MeetMeUpTests */ = {
			isa = PBXGroup;
			children = (
				4FBF98F51A08285F008E3B28 /* MeetMeUpTests.m */,
				4FBF98F31A08285F008E3B28 /* Supporting Files */,
			);
			path = MeetMeUpTests;
			sourceTree = "<group>";
		};
		4FBF98F31A08285F008E3B28 /* Supporting Files */ = {
			isa = PBXGroup;
			children = (
				4FBF98F41A08285F008E3B28 /* Info.plist */,
			);
			name = "Supporting Files";
			sourceTree = "<group>";
		};
		4FBF99081A084ECB008E3B28 /* Model */ = {
			isa = PBXGroup;
			children = (
				4FBF99051A084EC5008E3B28 /* Meetup.h */,
				4FBF99061A084EC5008E3B28 /* Meetup.m */,
				4FBF99111A088D12008E3B28 /* MeetupComment.h */,
				4FBF99121A088D12008E3B28 /* MeetupComment.m */,
				4FBF99171A08C20C008E3B28 /* Profile.h */,
				4FBF99181A08C20C008E3B28 /* Profile.m */,
			);
			name = Model;
			sourceTree = "<group>";
		};
/* End PBXGroup section */

/* Begin PBXNativeTarget section */
		4FBF98D51A08285F008E3B28 /* MeetMeUp */ = {
			isa = PBXNativeTarget;
			buildConfigurationList = 4FBF98F91A08285F008E3B28 /* Build configuration list for PBXNativeTarget "MeetMeUp" */;
			buildPhases = (
				4FBF98D21A08285F008E3B28 /* Sources */,
				4FBF98D31A08285F008E3B28 /* Frameworks */,
				4FBF98D41A08285F008E3B28 /* Resources */,
			);
			buildRules = (
			);
			dependencies = (
			);
			name = MeetMeUp;
			productName = MeetMeUp;
			productReference = 4FBF98D61A08285F008E3B28 /* MeetMeUp.app */;
			productType = "com.apple.product-type.application";
		};
		4FBF98EE1A08285F008E3B28 /* MeetMeUpTests */ = {
			isa = PBXNativeTarget;
			buildConfigurationList = 4FBF98FC1A08285F008E3B28 /* Build configuration list for PBXNativeTarget "MeetMeUpTests" */;
			buildPhases = (
				4FBF98EB1A08285F008E3B28 /* Sources */,
				4FBF98EC1A08285F008E3B28 /* Frameworks */,
				4FBF98ED1A08285F008E3B28 /* Resources */,
			);
			buildRules = (
			);
			dependencies = (
				4FBF98F11A08285F008E3B28 /* PBXTargetDependency */,
			);
			name = MeetMeUpTests;
			productName = MeetMeUpTests;
			productReference = 4FBF98EF1A08285F008E3B28 /* MeetMeUpTests.xctest */;
			productType = "com.apple.product-type.bundle.unit-test";
		};
/* End PBXNativeTarget section */

/* Begin PBXProject section */
		4FBF98CE1A08285F008E3B28 /* Project object */ = {
			isa = PBXProject;
			attributes = {
				LastUpgradeCheck = 0600;
				ORGANIZATIONNAME = "Christina Gunarto";
				TargetAttributes = {
					4FBF98D51A08285F008E3B28 = {
						CreatedOnToolsVersion = 6.0;
					};
					4FBF98EE1A08285F008E3B28 = {
						CreatedOnToolsVersion = 6.0;
						TestTargetID = 4FBF98D51A08285F008E3B28;
					};
				};
			};
			buildConfigurationList = 4FBF98D11A08285F008E3B28 /* Build configuration list for PBXProject "MeetMeUp" */;
			compatibilityVersion = "Xcode 3.2";
			developmentRegion = English;
			hasScannedForEncodings = 0;
			knownRegions = (
				en,
				Base,
			);
			mainGroup = 4FBF98CD1A08285F008E3B28;
			productRefGroup = 4FBF98D71A08285F008E3B28 /* Products */;
			projectDirPath = "";
			projectRoot = "";
			targets = (
				4FBF98D51A08285F008E3B28 /* MeetMeUp */,
				4FBF98EE1A08285F008E3B28 /* MeetMeUpTests */,
			);
		};
/* End PBXProject section */

/* Begin PBXResourcesBuildPhase section */
		4FBF98D41A08285F008E3B28 /* Resources */ = {
			isa = PBXResourcesBuildPhase;
			buildActionMask = 2147483647;
			files = (
				4FBF98E51A08285F008E3B28 /* Main.storyboard in Resources */,
				4FBF98EA1A08285F008E3B28 /* LaunchScreen.xib in Resources */,
				4FBF98E71A08285F008E3B28 /* Images.xcassets in Resources */,
			);
			runOnlyForDeploymentPostprocessing = 0;
		};
		4FBF98ED1A08285F008E3B28 /* Resources */ = {
			isa = PBXResourcesBuildPhase;
			buildActionMask = 2147483647;
			files = (
			);
			runOnlyForDeploymentPostprocessing = 0;
		};
/* End PBXResourcesBuildPhase section */

/* Begin PBXSourcesBuildPhase section */
		4FBF98D21A08285F008E3B28 /* Sources */ = {
			isa = PBXSourcesBuildPhase;
			buildActionMask = 2147483647;
			files = (
				4FBF98E21A08285F008E3B28 /* RootViewController.m in Sources */,
				4FBF99131A088D12008E3B28 /* MeetupComment.m in Sources */,
				4FBF99071A084EC5008E3B28 /* Meetup.m in Sources */,
				4FBF99191A08C20C008E3B28 /* Profile.m in Sources */,
				4FBF99041A08471D008E3B28 /* WebViewController.m in Sources */,
				4FBF99011A08325D008E3B28 /* MeetupDetailViewController.m in Sources */,
				4FBF98DF1A08285F008E3B28 /* AppDelegate.m in Sources */,
				4FBF99161A08ABE2008E3B28 /* CustomTableViewCell.m in Sources */,
				4FBF98DC1A08285F008E3B28 /* main.m in Sources */,
			);
			runOnlyForDeploymentPostprocessing = 0;
		};
		4FBF98EB1A08285F008E3B28 /* Sources */ = {
			isa = PBXSourcesBuildPhase;
			buildActionMask = 2147483647;
			files = (
				4FBF98F61A08285F008E3B28 /* MeetMeUpTests.m in Sources */,
			);
			runOnlyForDeploymentPostprocessing = 0;
		};
/* End PBXSourcesBuildPhase section */

/* Begin PBXTargetDependency section */
		4FBF98F11A08285F008E3B28 /* PBXTargetDependency */ = {
			isa = PBXTargetDependency;
			target = 4FBF98D51A08285F008E3B28 /* MeetMeUp */;
			targetProxy = 4FBF98F01A08285F008E3B28 /* PBXContainerItemProxy */;
		};
/* End PBXTargetDependency section */

/* Begin PBXVariantGroup section */
		4FBF98E31A08285F008E3B28 /* Main.storyboard */ = {
			isa = PBXVariantGroup;
			children = (
				4FBF98E41A08285F008E3B28 /* Base */,
			);
			name = Main.storyboard;
			sourceTree = "<group>";
		};
		4FBF98E81A08285F008E3B28 /* LaunchScreen.xib */ = {
			isa = PBXVariantGroup;
			children = (
				4FBF98E91A08285F008E3B28 /* Base */,
			);
			name = LaunchScreen.xib;
			sourceTree = "<group>";
		};
/* End PBXVariantGroup section */

/* Begin XCBuildConfiguration section */
		4FBF98F71A08285F008E3B28 /* Debug */ = {
			isa = XCBuildConfiguration;
			buildSettings = {
				ALWAYS_SEARCH_USER_PATHS = NO;
				CLANG_CXX_LANGUAGE_STANDARD = "gnu++0x";
				CLANG_CXX_LIBRARY = "libc++";
				CLANG_ENABLE_MODULES = YES;
				CLANG_ENABLE_OBJC_ARC = YES;
				CLANG_WARN_BOOL_CONVERSION = YES;
				CLANG_WARN_CONSTANT_CONVERSION = YES;
				CLANG_WARN_DIRECT_OBJC_ISA_USAGE = YES_ERROR;
				CLANG_WARN_EMPTY_BODY = YES;
				CLANG_WARN_ENUM_CONVERSION = YES;
				CLANG_WARN_INT_CONVERSION = YES;
				CLANG_WARN_OBJC_ROOT_CLASS = YES_ERROR;
				CLANG_WARN_UNREACHABLE_CODE = YES;
				CLANG_WARN__DUPLICATE_METHOD_MATCH = YES;
				"CODE_SIGN_IDENTITY[sdk=iphoneos*]" = "iPhone Developer";
				COPY_PHASE_STRIP = NO;
				ENABLE_STRICT_OBJC_MSGSEND = YES;
				GCC_C_LANGUAGE_STANDARD = gnu99;
				GCC_DYNAMIC_NO_PIC = NO;
				GCC_OPTIMIZATION_LEVEL = 0;
				GCC_PREPROCESSOR_DEFINITIONS = (
					"DEBUG=1",
					"$(inherited)",
				);
				GCC_SYMBOLS_PRIVATE_EXTERN = NO;
				GCC_WARN_64_TO_32_BIT_CONVERSION = YES;
				GCC_WARN_ABOUT_RETURN_TYPE = YES_ERROR;
				GCC_WARN_UNDECLARED_SELECTOR = YES;
				GCC_WARN_UNINITIALIZED_AUTOS = YES_AGGRESSIVE;
				GCC_WARN_UNUSED_FUNCTION = YES;
				GCC_WARN_UNUSED_VARIABLE = YES;
				IPHONEOS_DEPLOYMENT_TARGET = 8.0;
				MTL_ENABLE_DEBUG_INFO = YES;
				ONLY_ACTIVE_ARCH = YES;
				SDKROOT = iphoneos;
			};
			name = Debug;
		};
		4FBF98F81A08285F008E3B28 /* Release */ = {
			isa = XCBuildConfiguration;
			buildSettings = {
				ALWAYS_SEARCH_USER_PATHS = NO;
				CLANG_CXX_LANGUAGE_STANDARD = "gnu++0x";
				CLANG_CXX_LIBRARY = "libc++";
				CLANG_ENABLE_MODULES = YES;
				CLANG_ENABLE_OBJC_ARC = YES;
				CLANG_WARN_BOOL_CONVERSION = YES;
				CLANG_WARN_CONSTANT_CONVERSION = YES;
				CLANG_WARN_DIRECT_OBJC_ISA_USAGE = YES_ERROR;
				CLANG_WARN_EMPTY_BODY = YES;
				CLANG_WARN_ENUM_CONVERSION = YES;
				CLANG_WARN_INT_CONVERSION = YES;
				CLANG_WARN_OBJC_ROOT_CLASS = YES_ERROR;
				CLANG_WARN_UNREACHABLE_CODE = YES;
				CLANG_WARN__DUPLICATE_METHOD_MATCH = YES;
				"CODE_SIGN_IDENTITY[sdk=iphoneos*]" = "iPhone Developer";
				COPY_PHASE_STRIP = YES;
				ENABLE_NS_ASSERTIONS = NO;
				ENABLE_STRICT_OBJC_MSGSEND = YES;
				GCC_C_LANGUAGE_STANDARD = gnu99;
				GCC_WARN_64_TO_32_BIT_CONVERSION = YES;
				GCC_WARN_ABOUT_RETURN_TYPE = YES_ERROR;
				GCC_WARN_UNDECLARED_SELECTOR = YES;
				GCC_WARN_UNINITIALIZED_AUTOS = YES_AGGRESSIVE;
				GCC_WARN_UNUSED_FUNCTION = YES;
				GCC_WARN_UNUSED_VARIABLE = YES;
				IPHONEOS_DEPLOYMENT_TARGET = 8.0;
				MTL_ENABLE_DEBUG_INFO = NO;
				SDKROOT = iphoneos;
				VALIDATE_PRODUCT = YES;
			};
			name = Release;
		};
		4FBF98FA1A08285F008E3B28 /* Debug */ = {
			isa = XCBuildConfiguration;
			buildSettings = {
				ASSETCATALOG_COMPILER_APPICON_NAME = AppIcon;
				INFOPLIST_FILE = MeetMeUp/Info.plist;
				LD_RUNPATH_SEARCH_PATHS = "$(inherited) @executable_path/Frameworks";
				PRODUCT_NAME = "$(TARGET_NAME)";
			};
			name = Debug;
		};
		4FBF98FB1A08285F008E3B28 /* Release */ = {
			isa = XCBuildConfiguration;
			buildSettings = {
				ASSETCATALOG_COMPILER_APPICON_NAME = AppIcon;
				INFOPLIST_FILE = MeetMeUp/Info.plist;
				LD_RUNPATH_SEARCH_PATHS = "$(inherited) @executable_path/Frameworks";
				PRODUCT_NAME = "$(TARGET_NAME)";
			};
			name = Release;
		};
		4FBF98FD1A08285F008E3B28 /* Debug */ = {
			isa = XCBuildConfiguration;
			buildSettings = {
				BUNDLE_LOADER = "$(TEST_HOST)";
				FRAMEWORK_SEARCH_PATHS = (
					"$(SDKROOT)/Developer/Library/Frameworks",
					"$(inherited)",
				);
				GCC_PREPROCESSOR_DEFINITIONS = (
					"DEBUG=1",
					"$(inherited)",
				);
				INFOPLIST_FILE = MeetMeUpTests/Info.plist;
				LD_RUNPATH_SEARCH_PATHS = "$(inherited) @executable_path/Frameworks @loader_path/Frameworks";
				PRODUCT_NAME = "$(TARGET_NAME)";
				TEST_HOST = "$(BUILT_PRODUCTS_DIR)/MeetMeUp.app/MeetMeUp";
			};
			name = Debug;
		};
		4FBF98FE1A08285F008E3B28 /* Release */ = {
			isa = XCBuildConfiguration;
			buildSettings = {
				BUNDLE_LOADER = "$(TEST_HOST)";
				FRAMEWORK_SEARCH_PATHS = (
					"$(SDKROOT)/Developer/Library/Frameworks",
					"$(inherited)",
				);
				INFOPLIST_FILE = MeetMeUpTests/Info.plist;
				LD_RUNPATH_SEARCH_PATHS = "$(inherited) @executable_path/Frameworks @loader_path/Frameworks";
				PRODUCT_NAME = "$(TARGET_NAME)";
				TEST_HOST = "$(BUILT_PRODUCTS_DIR)/MeetMeUp.app/MeetMeUp";
			};
			name = Release;
		};
/* End XCBuildConfiguration section */

/* Begin XCConfigurationList section */
		4FBF98D11A08285F008E3B28 /* Build configuration list for PBXProject "MeetMeUp" */ = {
			isa = XCConfigurationList;
			buildConfigurations = (
				4FBF98F71A08285F008E3B28 /* Debug */,
				4FBF98F81A08285F008E3B28 /* Release */,
			);
			defaultConfigurationIsVisible = 0;
			defaultConfigurationName = Release;
		};
		4FBF98F91A08285F008E3B28 /* Build configuration list for PBXNativeTarget "MeetMeUp" */ = {
			isa = XCConfigurationList;
			buildConfigurations = (
				4FBF98FA1A08285F008E3B28 /* Debug */,
				4FBF98FB1A08285F008E3B28 /* Release */,
			);
			defaultConfigurationIsVisible = 0;
			defaultConfigurationName = Release;
		};
		4FBF98FC1A08285F008E3B28 /* Build configuration list for PBXNativeTarget "MeetMeUpTests" */ = {
			isa = XCConfigurationList;
			buildConfigurations = (
				4FBF98FD1A08285F008E3B28 /* Debug */,
				4FBF98FE1A08285F008E3B28 /* Release */,
			);
			defaultConfigurationIsVisible = 0;
			defaultConfigurationName = Release;
		};
/* End XCConfigurationList section */
	};
	rootObject = 4FBF98CE1A08285F008E3B28 /* Project object */;
}
